
Microsoft Visual Studio Solution File, Format Version 11.00
# Visual Studio 2010
Project("{FAE04EC0-301F-11D3-BF4B-00C04F79EFBC}") = "Assembly-CSharp", "Assembly-CSharp.csproj", "{1999e99e-8421-340c-67cb-8b1415f1ca2e}"
EndProject
Project("{FAE04EC0-301F-11D3-BF4B-00C04F79EFBC}") = "NavMeshComponents", "NavMeshComponents.csproj", "{411e6f56-66ed-7cec-92e6-dc22a0df26cb}"
EndProject
Project("{FAE04EC0-301F-11D3-BF4B-00C04F79EFBC}") = "NavMeshComponentsEditor", "NavMeshComponentsEditor.csproj", "{3461355f-3755-caa2-4b66-21ddec194dfc}"
EndProject
Global
	GlobalSection(SolutionConfigurationPlatforms) = preSolution
		Debug|Any CPU = Debug|Any CPU
		Release|Any CPU = Release|Any CPU
	EndGlobalSection
	GlobalSection(ProjectConfigurationPlatforms) = postSolution
		{1999e99e-8421-340c-67cb-8b1415f1ca2e}.Debug|Any CPU.ActiveCfg = Debug|Any CPU
		{1999e99e-8421-340c-67cb-8b1415f1ca2e}.Debug|Any CPU.Build.0 = Debug|Any CPU
		{1999e99e-8421-340c-67cb-8b1415f1ca2e}.Release|Any CPU.ActiveCfg = Release|Any CPU
		{1999e99e-8421-340c-67cb-8b1415f1ca2e}.Release|Any CPU.Build.0 = Release|Any CPU
		{411e6f56-66ed-7cec-92e6-dc22a0df26cb}.Debug|Any CPU.ActiveCfg = Debug|Any CPU
		{411e6f56-66ed-7cec-92e6-dc22a0df26cb}.Debug|Any CPU.Build.0 = Debug|Any CPU
		{411e6f56-66ed-7cec-92e6-dc22a0df26cb}.Release|Any CPU.ActiveCfg = Release|Any CPU
		{411e6f56-66ed-7cec-92e6-dc22a0df26cb}.Release|Any CPU.Build.0 = Release|Any CPU
		{3461355f-3755-caa2-4b66-21ddec194dfc}.Debug|Any CPU.ActiveCfg = Debug|Any CPU
		{3461355f-3755-caa2-4b66-21ddec194dfc}.Debug|Any CPU.Build.0 = Debug|Any CPU
		{3461355f-3755-caa2-4b66-21ddec194dfc}.Release|Any CPU.ActiveCfg = Release|Any CPU
		{3461355f-3755-caa2-4b66-21ddec194dfc}.Release|Any CPU.Build.0 = Release|Any CPU
	EndGlobalSection
	GlobalSection(SolutionProperties) = preSolution
		HideSolutionNode = FALSE
	EndGlobalSection
EndGlobal
